
Microsoft Visual Studio Solution File, Format Version 12.00
# Visual Studio Version 17
VisualStudioVersion = 17.5.33516.290
MinimumVisualStudioVersion = 10.0.40219.1
Project("{9A19103F-16F7-4668-BE54-9A1E7A4F7556}") = "DockerApp", "DockerApp\DockerApp.csproj", "{9E9CC724-D41A-4554-A38A-F523403379D9}"
EndProject
Project("{E53339B2-1760-4266-BCC7-CA923CBCF16C}") = "docker-compose", "docker-compose.dcproj", "{DF983944-EE99-44E8-BB7A-B6C5A18F735E}"
EndProject
Global
	GlobalSection(SolutionConfigurationPlatforms) = preSolution
		Debug|Any CPU = Debug|Any CPU
		Release|Any CPU = Release|Any CPU
	EndGlobalSection
	GlobalSection(ProjectConfigurationPlatforms) = postSolution
		{9E9CC724-D41A-4554-A38A-F523403379D9}.Debug|Any CPU.ActiveCfg = Debug|Any CPU
		{9E9CC724-D41A-4554-A38A-F523403379D9}.Debug|Any CPU.Build.0 = Debug|Any CPU
		{9E9CC724-D41A-4554-A38A-F523403379D9}.Release|Any CPU.ActiveCfg = Release|Any CPU
		{9E9CC724-D41A-4554-A38A-F523403379D9}.Release|Any CPU.Build.0 = Release|Any CPU
		{DF983944-EE99-44E8-BB7A-B6C5A18F735E}.Debug|Any CPU.ActiveCfg = Debug|Any CPU
		{DF983944-EE99-44E8-BB7A-B6C5A18F735E}.Debug|Any CPU.Build.0 = Debug|Any CPU
		{DF983944-EE99-44E8-BB7A-B6C5A18F735E}.Release|Any CPU.ActiveCfg = Release|Any CPU
		{DF983944-EE99-44E8-BB7A-B6C5A18F735E}.Release|Any CPU.Build.0 = Release|Any CPU
	EndGlobalSection
	GlobalSection(SolutionProperties) = preSolution
		HideSolutionNode = FALSE
	EndGlobalSection
	GlobalSection(ExtensibilityGlobals) = postSolution
		SolutionGuid = {942EE452-316B-405F-8743-15778350DC6F}
	EndGlobalSection
EndGlobal
